
Microsoft Visual Studio Solution File, Format Version 12.00
# Visual Studio Version 16
VisualStudioVersion = 16.0.29806.167
MinimumVisualStudioVersion = 10.0.40219.1
Project("{2150E333-8FDC-42A3-9474-1A3956D46DE8}") = "Tools", "Tools", "{D44FCD89-207C-491A-A8AC-2AFF5D856AE5}"
EndProject
Project("{2150E333-8FDC-42A3-9474-1A3956D46DE8}") = "Server", "Server", "{E45A514F-F289-4AD5-9C7A-5E4DAEBEFE5E}"
EndProject
Project("{9A19103F-16F7-4668-BE54-9A1E7A4F7556}") = "Core.Server.Client", "Server\Core.Server.Client\Core.Server.Client.csproj", "{12B7BB18-CDB4-4996-9CCA-1409AC0EFA8F}"
EndProject
Project("{9A19103F-16F7-4668-BE54-9A1E7A4F7556}") = "Core.Server.Common", "Server\Core.Server.Common\Core.Server.Common.csproj", "{E5EB3FF3-CF37-4D71-BF6C-5DDE84257F72}"
EndProject
Project("{9A19103F-16F7-4668-BE54-9A1E7A4F7556}") = "Core.Server.Shared", "Server\Core.Server.Shared\Core.Server.Shared.csproj", "{3FC34FFE-006E-418F-AB84-3F1449B10970}"
EndProject
Project("{2150E333-8FDC-42A3-9474-1A3956D46DE8}") = "Tests", "Tests", "{3B37922F-5B9E-41DF-9001-F6FBC4E2A8EF}"
EndProject
Project("{9A19103F-16F7-4668-BE54-9A1E7A4F7556}") = "Core.Server.Web", "Server\Core.Server.Web\Core.Server.Web.csproj", "{DE6D5F69-0560-4D3C-9A04-4BF46F02340B}"
EndProject
Project("{9A19103F-16F7-4668-BE54-9A1E7A4F7556}") = "Core.Server.Injection", "Server\Core.Server.Injection\Core.Server.Injection.csproj", "{D367FDC9-D6E1-4170-88DC-27D8E859E355}"
EndProject
Project("{2150E333-8FDC-42A3-9474-1A3956D46DE8}") = "Example", "Example", "{13A49025-5650-49A4-9053-080DEA589166}"
EndProject
Project("{9A19103F-16F7-4668-BE54-9A1E7A4F7556}") = "Example.Server.Application", "Example\Example.Server.Application\Example.Server.Application.csproj", "{B02CEB7B-41B6-4731-9672-1F5BD0FBDF2B}"
EndProject
Project("{9A19103F-16F7-4668-BE54-9A1E7A4F7556}") = "Example.Server.Common", "Example\Example.Server.Common\Example.Server.Common.csproj", "{101245DB-7D53-4718-97EA-810A91B63E1F}"
EndProject
Project("{9A19103F-16F7-4668-BE54-9A1E7A4F7556}") = "Example.Server.Persistence", "Example\Example.Server.Persistence\Example.Server.Persistence.csproj", "{8B89E151-0394-48A7-B558-BCABB37C6E86}"
EndProject
Project("{9A19103F-16F7-4668-BE54-9A1E7A4F7556}") = "Example.Server.Shared", "Example\Example.Server.Shared\Example.Server.Shared.csproj", "{3E72CC38-A190-4689-9178-A245F94A15D7}"
EndProject
Project("{9A19103F-16F7-4668-BE54-9A1E7A4F7556}") = "Example.Server.Web", "Example\Example.Server.Web\Example.Server.Web.csproj", "{4FD36C39-BAF9-4F3D-861C-A908AB497A05}"
EndProject
Project("{9A19103F-16F7-4668-BE54-9A1E7A4F7556}") = "Core.Server.Application", "Server\Core.Server.Application\Core.Server.Application.csproj", "{9FFBE0FA-00C4-4108-8646-BCE9FE2D93DB}"
EndProject
Project("{9A19103F-16F7-4668-BE54-9A1E7A4F7556}") = "Core.Server.Persistence", "Server\Core.Server.Persistence\Core.Server.Persistence.csproj", "{90057920-A633-4E55-99D7-85F96E2A65B2}"
EndProject
Project("{9A19103F-16F7-4668-BE54-9A1E7A4F7556}") = "Core.Server.Test", "Tests\Core.Server.Test\Core.Server.Test.csproj", "{5F0EE3EF-DE0E-4482-A282-E0999C65CD17}"
EndProject
Project("{9A19103F-16F7-4668-BE54-9A1E7A4F7556}") = "Core.Server.Utils.ResourceCreator", "Tools\Core.Server.Utils.ResourceCreator\Core.Server.Utils.ResourceCreator.csproj", "{EBCFB32D-206A-4740-8DE5-8E9643F9D6AF}"
EndProject
Global
	GlobalSection(SolutionConfigurationPlatforms) = preSolution
		Debug|Any CPU = Debug|Any CPU
		Release|Any CPU = Release|Any CPU
	EndGlobalSection
	GlobalSection(ProjectConfigurationPlatforms) = postSolution
		{12B7BB18-CDB4-4996-9CCA-1409AC0EFA8F}.Debug|Any CPU.ActiveCfg = Debug|Any CPU
		{12B7BB18-CDB4-4996-9CCA-1409AC0EFA8F}.Debug|Any CPU.Build.0 = Debug|Any CPU
		{12B7BB18-CDB4-4996-9CCA-1409AC0EFA8F}.Release|Any CPU.ActiveCfg = Release|Any CPU
		{12B7BB18-CDB4-4996-9CCA-1409AC0EFA8F}.Release|Any CPU.Build.0 = Release|Any CPU
		{E5EB3FF3-CF37-4D71-BF6C-5DDE84257F72}.Debug|Any CPU.ActiveCfg = Debug|Any CPU
		{E5EB3FF3-CF37-4D71-BF6C-5DDE84257F72}.Debug|Any CPU.Build.0 = Debug|Any CPU
		{E5EB3FF3-CF37-4D71-BF6C-5DDE84257F72}.Release|Any CPU.ActiveCfg = Release|Any CPU
		{E5EB3FF3-CF37-4D71-BF6C-5DDE84257F72}.Release|Any CPU.Build.0 = Release|Any CPU
		{3FC34FFE-006E-418F-AB84-3F1449B10970}.Debug|Any CPU.ActiveCfg = Debug|Any CPU
		{3FC34FFE-006E-418F-AB84-3F1449B10970}.Debug|Any CPU.Build.0 = Debug|Any CPU
		{3FC34FFE-006E-418F-AB84-3F1449B10970}.Release|Any CPU.ActiveCfg = Release|Any CPU
		{3FC34FFE-006E-418F-AB84-3F1449B10970}.Release|Any CPU.Build.0 = Release|Any CPU
		{DE6D5F69-0560-4D3C-9A04-4BF46F02340B}.Debug|Any CPU.ActiveCfg = Debug|Any CPU
		{DE6D5F69-0560-4D3C-9A04-4BF46F02340B}.Debug|Any CPU.Build.0 = Debug|Any CPU
		{DE6D5F69-0560-4D3C-9A04-4BF46F02340B}.Release|Any CPU.ActiveCfg = Release|Any CPU
		{DE6D5F69-0560-4D3C-9A04-4BF46F02340B}.Release|Any CPU.Build.0 = Release|Any CPU
		{D367FDC9-D6E1-4170-88DC-27D8E859E355}.Debug|Any CPU.ActiveCfg = Debug|Any CPU
		{D367FDC9-D6E1-4170-88DC-27D8E859E355}.Debug|Any CPU.Build.0 = Debug|Any CPU
		{D367FDC9-D6E1-4170-88DC-27D8E859E355}.Release|Any CPU.ActiveCfg = Release|Any CPU
		{D367FDC9-D6E1-4170-88DC-27D8E859E355}.Release|Any CPU.Build.0 = Release|Any CPU
		{B02CEB7B-41B6-4731-9672-1F5BD0FBDF2B}.Debug|Any CPU.ActiveCfg = Debug|Any CPU
		{B02CEB7B-41B6-4731-9672-1F5BD0FBDF2B}.Debug|Any CPU.Build.0 = Debug|Any CPU
		{B02CEB7B-41B6-4731-9672-1F5BD0FBDF2B}.Release|Any CPU.ActiveCfg = Release|Any CPU
		{B02CEB7B-41B6-4731-9672-1F5BD0FBDF2B}.Release|Any CPU.Build.0 = Release|Any CPU
		{101245DB-7D53-4718-97EA-810A91B63E1F}.Debug|Any CPU.ActiveCfg = Debug|Any CPU
		{101245DB-7D53-4718-97EA-810A91B63E1F}.Debug|Any CPU.Build.0 = Debug|Any CPU
		{101245DB-7D53-4718-97EA-810A91B63E1F}.Release|Any CPU.ActiveCfg = Release|Any CPU
		{101245DB-7D53-4718-97EA-810A91B63E1F}.Release|Any CPU.Build.0 = Release|Any CPU
		{8B89E151-0394-48A7-B558-BCABB37C6E86}.Debug|Any CPU.ActiveCfg = Debug|Any CPU
		{8B89E151-0394-48A7-B558-BCABB37C6E86}.Debug|Any CPU.Build.0 = Debug|Any CPU
		{8B89E151-0394-48A7-B558-BCABB37C6E86}.Release|Any CPU.ActiveCfg = Release|Any CPU
		{8B89E151-0394-48A7-B558-BCABB37C6E86}.Release|Any CPU.Build.0 = Release|Any CPU
		{3E72CC38-A190-4689-9178-A245F94A15D7}.Debug|Any CPU.ActiveCfg = Debug|Any CPU
		{3E72CC38-A190-4689-9178-A245F94A15D7}.Debug|Any CPU.Build.0 = Debug|Any CPU
		{3E72CC38-A190-4689-9178-A245F94A15D7}.Release|Any CPU.ActiveCfg = Release|Any CPU
		{3E72CC38-A190-4689-9178-A245F94A15D7}.Release|Any CPU.Build.0 = Release|Any CPU
		{4FD36C39-BAF9-4F3D-861C-A908AB497A05}.Debug|Any CPU.ActiveCfg = Debug|Any CPU
		{4FD36C39-BAF9-4F3D-861C-A908AB497A05}.Debug|Any CPU.Build.0 = Debug|Any CPU
		{4FD36C39-BAF9-4F3D-861C-A908AB497A05}.Release|Any CPU.ActiveCfg = Release|Any CPU
		{4FD36C39-BAF9-4F3D-861C-A908AB497A05}.Release|Any CPU.Build.0 = Release|Any CPU
		{9FFBE0FA-00C4-4108-8646-BCE9FE2D93DB}.Debug|Any CPU.ActiveCfg = Debug|Any CPU
		{9FFBE0FA-00C4-4108-8646-BCE9FE2D93DB}.Debug|Any CPU.Build.0 = Debug|Any CPU
		{9FFBE0FA-00C4-4108-8646-BCE9FE2D93DB}.Release|Any CPU.ActiveCfg = Release|Any CPU
		{9FFBE0FA-00C4-4108-8646-BCE9FE2D93DB}.Release|Any CPU.Build.0 = Release|Any CPU
		{90057920-A633-4E55-99D7-85F96E2A65B2}.Debug|Any CPU.ActiveCfg = Debug|Any CPU
		{90057920-A633-4E55-99D7-85F96E2A65B2}.Debug|Any CPU.Build.0 = Debug|Any CPU
		{90057920-A633-4E55-99D7-85F96E2A65B2}.Release|Any CPU.ActiveCfg = Release|Any CPU
		{90057920-A633-4E55-99D7-85F96E2A65B2}.Release|Any CPU.Build.0 = Release|Any CPU
		{5F0EE3EF-DE0E-4482-A282-E0999C65CD17}.Debug|Any CPU.ActiveCfg = Debug|Any CPU
		{5F0EE3EF-DE0E-4482-A282-E0999C65CD17}.Debug|Any CPU.Build.0 = Debug|Any CPU
		{5F0EE3EF-DE0E-4482-A282-E0999C65CD17}.Release|Any CPU.ActiveCfg = Release|Any CPU
		{5F0EE3EF-DE0E-4482-A282-E0999C65CD17}.Release|Any CPU.Build.0 = Release|Any CPU
		{EBCFB32D-206A-4740-8DE5-8E9643F9D6AF}.Debug|Any CPU.ActiveCfg = Debug|Any CPU
		{EBCFB32D-206A-4740-8DE5-8E9643F9D6AF}.Debug|Any CPU.Build.0 = Debug|Any CPU
		{EBCFB32D-206A-4740-8DE5-8E9643F9D6AF}.Release|Any CPU.ActiveCfg = Release|Any CPU
		{EBCFB32D-206A-4740-8DE5-8E9643F9D6AF}.Release|Any CPU.Build.0 = Release|Any CPU
	EndGlobalSection
	GlobalSection(SolutionProperties) = preSolution
		HideSolutionNode = FALSE
	EndGlobalSection
	GlobalSection(NestedProjects) = preSolution
		{12B7BB18-CDB4-4996-9CCA-1409AC0EFA8F} = {E45A514F-F289-4AD5-9C7A-5E4DAEBEFE5E}
		{E5EB3FF3-CF37-4D71-BF6C-5DDE84257F72} = {E45A514F-F289-4AD5-9C7A-5E4DAEBEFE5E}
		{3FC34FFE-006E-418F-AB84-3F1449B10970} = {E45A514F-F289-4AD5-9C7A-5E4DAEBEFE5E}
		{DE6D5F69-0560-4D3C-9A04-4BF46F02340B} = {E45A514F-F289-4AD5-9C7A-5E4DAEBEFE5E}
		{D367FDC9-D6E1-4170-88DC-27D8E859E355} = {E45A514F-F289-4AD5-9C7A-5E4DAEBEFE5E}
		{B02CEB7B-41B6-4731-9672-1F5BD0FBDF2B} = {13A49025-5650-49A4-9053-080DEA589166}
		{101245DB-7D53-4718-97EA-810A91B63E1F} = {13A49025-5650-49A4-9053-080DEA589166}
		{8B89E151-0394-48A7-B558-BCABB37C6E86} = {13A49025-5650-49A4-9053-080DEA589166}
		{3E72CC38-A190-4689-9178-A245F94A15D7} = {13A49025-5650-49A4-9053-080DEA589166}
		{4FD36C39-BAF9-4F3D-861C-A908AB497A05} = {13A49025-5650-49A4-9053-080DEA589166}
		{9FFBE0FA-00C4-4108-8646-BCE9FE2D93DB} = {E45A514F-F289-4AD5-9C7A-5E4DAEBEFE5E}
		{90057920-A633-4E55-99D7-85F96E2A65B2} = {E45A514F-F289-4AD5-9C7A-5E4DAEBEFE5E}
		{5F0EE3EF-DE0E-4482-A282-E0999C65CD17} = {3B37922F-5B9E-41DF-9001-F6FBC4E2A8EF}
		{EBCFB32D-206A-4740-8DE5-8E9643F9D6AF} = {D44FCD89-207C-491A-A8AC-2AFF5D856AE5}
	EndGlobalSection
	GlobalSection(ExtensibilityGlobals) = postSolution
		SolutionGuid = {A5004D6C-C05B-4002-AEBD-1280CD052471}
	EndGlobalSection
EndGlobal
