
Microsoft Visual Studio Solution File, Format Version 12.00
# Visual Studio Version 16
VisualStudioVersion = 16.0.29806.167
MinimumVisualStudioVersion = 10.0.40219.1
Project("{9A19103F-16F7-4668-BE54-9A1E7A4F7556}") = "RestApi.Web", "RestApi.Web\RestApi.Web.csproj", "{03372C20-DA0E-466C-8299-5EC8FA41AA71}"
EndProject
Project("{9A19103F-16F7-4668-BE54-9A1E7A4F7556}") = "RestApi.Application", "RestApi.Application\RestApi.Application.csproj", "{13EBE1D2-2079-42CD-A8CA-058A3F018A76}"
EndProject
Project("{9A19103F-16F7-4668-BE54-9A1E7A4F7556}") = "RestApi.Common", "RestApi.Common\RestApi.Common.csproj", "{27D12351-8D10-4148-B61E-51DFA8A3960C}"
EndProject
Project("{9A19103F-16F7-4668-BE54-9A1E7A4F7556}") = "RestApi.Persistence", "RestApi.Persistence\RestApi.Persistence.csproj", "{677CD389-B7D9-48C1-8B7E-B7A78F5CBCC0}"
EndProject
Project("{9A19103F-16F7-4668-BE54-9A1E7A4F7556}") = "RestApi.Shared", "RestApi.Shared\RestApi.Shared.csproj", "{BBEB4478-25DA-4A1A-98F0-F97C84AED5D0}"
EndProject
Project("{9A19103F-16F7-4668-BE54-9A1E7A4F7556}") = "RestApi.Client", "RestApi.Client\RestApi.Client.csproj", "{782404E8-8F96-47DB-8240-FC3A4459BBD8}"
EndProject
Project("{9A19103F-16F7-4668-BE54-9A1E7A4F7556}") = "RestApi.ResourceCreator", "RestApi.ResourceCreator\RestApi.ResourceCreator.csproj", "{397D7F98-7848-45CD-90A0-633E735BC7C4}"
EndProject
Project("{2150E333-8FDC-42A3-9474-1A3956D46DE8}") = "Utills", "Utills", "{D44FCD89-207C-491A-A8AC-2AFF5D856AE5}"
EndProject
Project("{2150E333-8FDC-42A3-9474-1A3956D46DE8}") = "Api", "Api", "{E45A514F-F289-4AD5-9C7A-5E4DAEBEFE5E}"
EndProject
Project("{2150E333-8FDC-42A3-9474-1A3956D46DE8}") = "Tests", "Tests", "{E8A802EE-7DEB-4DC7-BA62-5F536447AB95}"
EndProject
Project("{9A19103F-16F7-4668-BE54-9A1E7A4F7556}") = "Retail.Tests", "RestApi.Test\Retail.Tests.csproj", "{1107B773-15B4-4B4F-ADBB-A40071D80FE7}"
EndProject
Global
	GlobalSection(SolutionConfigurationPlatforms) = preSolution
		Debug|Any CPU = Debug|Any CPU
		Release|Any CPU = Release|Any CPU
	EndGlobalSection
	GlobalSection(ProjectConfigurationPlatforms) = postSolution
		{03372C20-DA0E-466C-8299-5EC8FA41AA71}.Debug|Any CPU.ActiveCfg = Debug|Any CPU
		{03372C20-DA0E-466C-8299-5EC8FA41AA71}.Debug|Any CPU.Build.0 = Debug|Any CPU
		{03372C20-DA0E-466C-8299-5EC8FA41AA71}.Release|Any CPU.ActiveCfg = Release|Any CPU
		{03372C20-DA0E-466C-8299-5EC8FA41AA71}.Release|Any CPU.Build.0 = Release|Any CPU
		{13EBE1D2-2079-42CD-A8CA-058A3F018A76}.Debug|Any CPU.ActiveCfg = Debug|Any CPU
		{13EBE1D2-2079-42CD-A8CA-058A3F018A76}.Debug|Any CPU.Build.0 = Debug|Any CPU
		{13EBE1D2-2079-42CD-A8CA-058A3F018A76}.Release|Any CPU.ActiveCfg = Release|Any CPU
		{13EBE1D2-2079-42CD-A8CA-058A3F018A76}.Release|Any CPU.Build.0 = Release|Any CPU
		{27D12351-8D10-4148-B61E-51DFA8A3960C}.Debug|Any CPU.ActiveCfg = Debug|Any CPU
		{27D12351-8D10-4148-B61E-51DFA8A3960C}.Debug|Any CPU.Build.0 = Debug|Any CPU
		{27D12351-8D10-4148-B61E-51DFA8A3960C}.Release|Any CPU.ActiveCfg = Release|Any CPU
		{27D12351-8D10-4148-B61E-51DFA8A3960C}.Release|Any CPU.Build.0 = Release|Any CPU
		{677CD389-B7D9-48C1-8B7E-B7A78F5CBCC0}.Debug|Any CPU.ActiveCfg = Debug|Any CPU
		{677CD389-B7D9-48C1-8B7E-B7A78F5CBCC0}.Debug|Any CPU.Build.0 = Debug|Any CPU
		{677CD389-B7D9-48C1-8B7E-B7A78F5CBCC0}.Release|Any CPU.ActiveCfg = Release|Any CPU
		{677CD389-B7D9-48C1-8B7E-B7A78F5CBCC0}.Release|Any CPU.Build.0 = Release|Any CPU
		{BBEB4478-25DA-4A1A-98F0-F97C84AED5D0}.Debug|Any CPU.ActiveCfg = Debug|Any CPU
		{BBEB4478-25DA-4A1A-98F0-F97C84AED5D0}.Debug|Any CPU.Build.0 = Debug|Any CPU
		{BBEB4478-25DA-4A1A-98F0-F97C84AED5D0}.Release|Any CPU.ActiveCfg = Release|Any CPU
		{BBEB4478-25DA-4A1A-98F0-F97C84AED5D0}.Release|Any CPU.Build.0 = Release|Any CPU
		{782404E8-8F96-47DB-8240-FC3A4459BBD8}.Debug|Any CPU.ActiveCfg = Debug|Any CPU
		{782404E8-8F96-47DB-8240-FC3A4459BBD8}.Debug|Any CPU.Build.0 = Debug|Any CPU
		{782404E8-8F96-47DB-8240-FC3A4459BBD8}.Release|Any CPU.ActiveCfg = Release|Any CPU
		{782404E8-8F96-47DB-8240-FC3A4459BBD8}.Release|Any CPU.Build.0 = Release|Any CPU
		{397D7F98-7848-45CD-90A0-633E735BC7C4}.Debug|Any CPU.ActiveCfg = Debug|Any CPU
		{397D7F98-7848-45CD-90A0-633E735BC7C4}.Debug|Any CPU.Build.0 = Debug|Any CPU
		{397D7F98-7848-45CD-90A0-633E735BC7C4}.Release|Any CPU.ActiveCfg = Release|Any CPU
		{397D7F98-7848-45CD-90A0-633E735BC7C4}.Release|Any CPU.Build.0 = Release|Any CPU
		{1107B773-15B4-4B4F-ADBB-A40071D80FE7}.Debug|Any CPU.ActiveCfg = Debug|Any CPU
		{1107B773-15B4-4B4F-ADBB-A40071D80FE7}.Debug|Any CPU.Build.0 = Debug|Any CPU
		{1107B773-15B4-4B4F-ADBB-A40071D80FE7}.Release|Any CPU.ActiveCfg = Release|Any CPU
		{1107B773-15B4-4B4F-ADBB-A40071D80FE7}.Release|Any CPU.Build.0 = Release|Any CPU
	EndGlobalSection
	GlobalSection(SolutionProperties) = preSolution
		HideSolutionNode = FALSE
	EndGlobalSection
	GlobalSection(NestedProjects) = preSolution
		{03372C20-DA0E-466C-8299-5EC8FA41AA71} = {E45A514F-F289-4AD5-9C7A-5E4DAEBEFE5E}
		{13EBE1D2-2079-42CD-A8CA-058A3F018A76} = {E45A514F-F289-4AD5-9C7A-5E4DAEBEFE5E}
		{27D12351-8D10-4148-B61E-51DFA8A3960C} = {E45A514F-F289-4AD5-9C7A-5E4DAEBEFE5E}
		{677CD389-B7D9-48C1-8B7E-B7A78F5CBCC0} = {E45A514F-F289-4AD5-9C7A-5E4DAEBEFE5E}
		{BBEB4478-25DA-4A1A-98F0-F97C84AED5D0} = {E45A514F-F289-4AD5-9C7A-5E4DAEBEFE5E}
		{782404E8-8F96-47DB-8240-FC3A4459BBD8} = {E45A514F-F289-4AD5-9C7A-5E4DAEBEFE5E}
		{397D7F98-7848-45CD-90A0-633E735BC7C4} = {D44FCD89-207C-491A-A8AC-2AFF5D856AE5}
		{1107B773-15B4-4B4F-ADBB-A40071D80FE7} = {E8A802EE-7DEB-4DC7-BA62-5F536447AB95}
	EndGlobalSection
	GlobalSection(ExtensibilityGlobals) = postSolution
		SolutionGuid = {A5004D6C-C05B-4002-AEBD-1280CD052471}
	EndGlobalSection
EndGlobal
