
Microsoft Visual Studio Solution File, Format Version 12.00
# Visual Studio Version 16
VisualStudioVersion = 16.0.29806.167
MinimumVisualStudioVersion = 10.0.40219.1
Project("{9A19103F-16F7-4668-BE54-9A1E7A4F7556}") = "Product.Server.Application", "Product.Server.Application\Product.Server.Application.csproj", "{0F7D05F2-AE4E-401C-9D0B-63C1814C998F}"
EndProject
Project("{9A19103F-16F7-4668-BE54-9A1E7A4F7556}") = "Product.Server.Common", "Product.Server.Common\Product.Server.Common.csproj", "{3F9F68ED-2A04-4C15-B79B-3A1F7D1FDEF8}"
EndProject
Project("{9A19103F-16F7-4668-BE54-9A1E7A4F7556}") = "Product.Server.Persistence", "Product.Server.Persistence\Product.Server.Persistence.csproj", "{07172AC4-17CA-4A05-BDE7-4A2F34D9E77A}"
EndProject
Project("{9A19103F-16F7-4668-BE54-9A1E7A4F7556}") = "Product.Server.Shared", "Product.Server.Shared\Product.Server.Shared.csproj", "{D8067ACE-7295-46DA-831B-DD60B9C7BE08}"
EndProject
Project("{9A19103F-16F7-4668-BE54-9A1E7A4F7556}") = "Product.Server.Web", "Product.Server.Web\Product.Server.Web.csproj", "{CBF39B3F-A9F8-4BE5-97A9-4DBE52CB1B25}"
EndProject
Global
	GlobalSection(SolutionConfigurationPlatforms) = preSolution
		Debug|Any CPU = Debug|Any CPU
		Release|Any CPU = Release|Any CPU
	EndGlobalSection
	GlobalSection(ProjectConfigurationPlatforms) = postSolution
		{0F7D05F2-AE4E-401C-9D0B-63C1814C998F}.Debug|Any CPU.ActiveCfg = Debug|Any CPU
		{0F7D05F2-AE4E-401C-9D0B-63C1814C998F}.Debug|Any CPU.Build.0 = Debug|Any CPU
		{0F7D05F2-AE4E-401C-9D0B-63C1814C998F}.Release|Any CPU.ActiveCfg = Release|Any CPU
		{0F7D05F2-AE4E-401C-9D0B-63C1814C998F}.Release|Any CPU.Build.0 = Release|Any CPU
		{3F9F68ED-2A04-4C15-B79B-3A1F7D1FDEF8}.Debug|Any CPU.ActiveCfg = Debug|Any CPU
		{3F9F68ED-2A04-4C15-B79B-3A1F7D1FDEF8}.Debug|Any CPU.Build.0 = Debug|Any CPU
		{3F9F68ED-2A04-4C15-B79B-3A1F7D1FDEF8}.Release|Any CPU.ActiveCfg = Release|Any CPU
		{3F9F68ED-2A04-4C15-B79B-3A1F7D1FDEF8}.Release|Any CPU.Build.0 = Release|Any CPU
		{07172AC4-17CA-4A05-BDE7-4A2F34D9E77A}.Debug|Any CPU.ActiveCfg = Debug|Any CPU
		{07172AC4-17CA-4A05-BDE7-4A2F34D9E77A}.Debug|Any CPU.Build.0 = Debug|Any CPU
		{07172AC4-17CA-4A05-BDE7-4A2F34D9E77A}.Release|Any CPU.ActiveCfg = Release|Any CPU
		{07172AC4-17CA-4A05-BDE7-4A2F34D9E77A}.Release|Any CPU.Build.0 = Release|Any CPU
		{D8067ACE-7295-46DA-831B-DD60B9C7BE08}.Debug|Any CPU.ActiveCfg = Debug|Any CPU
		{D8067ACE-7295-46DA-831B-DD60B9C7BE08}.Debug|Any CPU.Build.0 = Debug|Any CPU
		{D8067ACE-7295-46DA-831B-DD60B9C7BE08}.Release|Any CPU.ActiveCfg = Release|Any CPU
		{D8067ACE-7295-46DA-831B-DD60B9C7BE08}.Release|Any CPU.Build.0 = Release|Any CPU
		{CBF39B3F-A9F8-4BE5-97A9-4DBE52CB1B25}.Debug|Any CPU.ActiveCfg = Debug|Any CPU
		{CBF39B3F-A9F8-4BE5-97A9-4DBE52CB1B25}.Debug|Any CPU.Build.0 = Debug|Any CPU
		{CBF39B3F-A9F8-4BE5-97A9-4DBE52CB1B25}.Release|Any CPU.ActiveCfg = Release|Any CPU
		{CBF39B3F-A9F8-4BE5-97A9-4DBE52CB1B25}.Release|Any CPU.Build.0 = Release|Any CPU
	EndGlobalSection
	GlobalSection(SolutionProperties) = preSolution
		HideSolutionNode = FALSE
	EndGlobalSection
	GlobalSection(ExtensibilityGlobals) = postSolution
		SolutionGuid = {A5004D6C-C05B-4002-AEBD-1280CD052471}
	EndGlobalSection
EndGlobal
